# taupkg lock file -- do not edit manually
# It records the exact resolved dependency graph. Commit it for reproducible builds.

[[pkg]]
name       = "watax"
version    = "0.1.0"
constraint = "*"
source     = "local:../.."
checksum   = "sha256:0fd830a04b80e6ec0311bc67fc7331fead260d01da9a6a6a1525f9bf5c5d1462"

[[pkg]]
name       = "templa"
version    = "0.1.0"
constraint = "*"
source     = "github:https://github.com/Yusee-Programmer/templa.git@c2a220d08b40c1efdeb41d0dacc9bb0134b61cf9"
checksum   = "sha256:04f65314a2de85edba52ad42a638fde23b75d6545fc2029a83861bf3c78bd1ed"

