# taupkg lock file -- do not edit manually
# It records the exact resolved dependency graph. Commit it for reproducible builds.

[[pkg]]
name       = "watax"
version    = "0.1.0"
constraint = "*"
source     = "local:../.."
checksum   = "sha256:6ab035345bff084df8f5701a78df1672c24f525106bad3e919a42565497cdb3d"

[[pkg]]
name       = "templa"
version    = "0.1.0"
constraint = "*"
source     = "github:https://github.com/Yusee-Programmer/templa.git@657541c4d1f07531ca0b440c11bdaa210ac1e679"
checksum   = "sha256:2fba770918d83bf5056acf3566f3a9b70e5d5f7f13e5e52dbc3e65623888b189"

